
Microsoft Visual Studio Solution File, Format Version 12.00
# Visual Studio 15
VisualStudioVersion = 15.0.26228.4
MinimumVisualStudioVersion = 10.0.40219.1
Project("{FAE04EC0-301F-11D3-BF4B-00C04F79EFBC}") = "SubtitlesSync.View", "SubtitlesSync\SubtitlesSync.View.csproj", "{08AA6375-8CA1-42B8-B8A9-50CA197756C5}"
EndProject
Project("{FAE04EC0-301F-11D3-BF4B-00C04F79EFBC}") = "SubtitlesSync.Domain", "SubtitlesSync.Domain\SubtitlesSync.Domain.csproj", "{CF8248E9-FD94-4C8D-B8E6-AB9CD30975F9}"
EndProject
Global
	GlobalSection(SolutionConfigurationPlatforms) = preSolution
		Debug|Any CPU = Debug|Any CPU
		Release|Any CPU = Release|Any CPU
	EndGlobalSection
	GlobalSection(ProjectConfigurationPlatforms) = postSolution
		{08AA6375-8CA1-42B8-B8A9-50CA197756C5}.Debug|Any CPU.ActiveCfg = Debug|Any CPU
		{08AA6375-8CA1-42B8-B8A9-50CA197756C5}.Debug|Any CPU.Build.0 = Debug|Any CPU
		{08AA6375-8CA1-42B8-B8A9-50CA197756C5}.Release|Any CPU.ActiveCfg = Release|Any CPU
		{08AA6375-8CA1-42B8-B8A9-50CA197756C5}.Release|Any CPU.Build.0 = Release|Any CPU
		{CF8248E9-FD94-4C8D-B8E6-AB9CD30975F9}.Debug|Any CPU.ActiveCfg = Debug|Any CPU
		{CF8248E9-FD94-4C8D-B8E6-AB9CD30975F9}.Debug|Any CPU.Build.0 = Debug|Any CPU
		{CF8248E9-FD94-4C8D-B8E6-AB9CD30975F9}.Release|Any CPU.ActiveCfg = Release|Any CPU
		{CF8248E9-FD94-4C8D-B8E6-AB9CD30975F9}.Release|Any CPU.Build.0 = Release|Any CPU
	EndGlobalSection
	GlobalSection(SolutionProperties) = preSolution
		HideSolutionNode = FALSE
	EndGlobalSection
EndGlobal
